
Microsoft Visual Studio Solution File, Format Version 12.00
# Visual Studio Version 17
VisualStudioVersion = 17.7.34031.279
MinimumVisualStudioVersion = 10.0.40219.1
Project("{FAE04EC0-301F-11D3-BF4B-00C04F79EFBC}") = "EscapeRoom_Kevin", "EscapeRoom_Kevin\EscapeRoom_Kevin.csproj", "{21ECFF52-2B9E-4843-BCFE-2810A81F9041}"
EndProject
Global
	GlobalSection(SolutionConfigurationPlatforms) = preSolution
		Debug|Any CPU = Debug|Any CPU
		Release|Any CPU = Release|Any CPU
	EndGlobalSection
	GlobalSection(ProjectConfigurationPlatforms) = postSolution
		{21ECFF52-2B9E-4843-BCFE-2810A81F9041}.Debug|Any CPU.ActiveCfg = Debug|Any CPU
		{21ECFF52-2B9E-4843-BCFE-2810A81F9041}.Debug|Any CPU.Build.0 = Debug|Any CPU
		{21ECFF52-2B9E-4843-BCFE-2810A81F9041}.Release|Any CPU.ActiveCfg = Release|Any CPU
		{21ECFF52-2B9E-4843-BCFE-2810A81F9041}.Release|Any CPU.Build.0 = Release|Any CPU
	EndGlobalSection
	GlobalSection(SolutionProperties) = preSolution
		HideSolutionNode = FALSE
	EndGlobalSection
	GlobalSection(ExtensibilityGlobals) = postSolution
		SolutionGuid = {A329BF76-FEC4-46BB-A793-8520D51CB32B}
	EndGlobalSection
EndGlobal
